
Microsoft Visual Studio Solution File, Format Version 12.00
# Visual Studio Version 16
VisualStudioVersion = 16.0.29306.81
MinimumVisualStudioVersion = 10.0.40219.1
Project("{FAE04EC0-301F-11D3-BF4B-00C04F79EFBC}") = "CarSharing.ConsoleUI", "CarSharing.ConsoleUI\CarSharing.ConsoleUI.csproj", "{01DFD321-4CE3-447F-A869-0E00D159FECB}"
EndProject
Project("{FAE04EC0-301F-11D3-BF4B-00C04F79EFBC}") = "CarSharing.Core", "CarSharing.Core\CarSharing.Core.csproj", "{F36CBB6B-F112-4F04-B1CA-18471D59C7DE}"
EndProject
Project("{FAE04EC0-301F-11D3-BF4B-00C04F79EFBC}") = "CarSharing.GraphUI", "CarSharing.GraphUI\CarSharing.GraphUI.csproj", "{92B5C7EF-E06E-4E30-A814-862E0C27348F}"
EndProject
Global
	GlobalSection(SolutionConfigurationPlatforms) = preSolution
		Debug|Any CPU = Debug|Any CPU
		Release|Any CPU = Release|Any CPU
	EndGlobalSection
	GlobalSection(ProjectConfigurationPlatforms) = postSolution
		{01DFD321-4CE3-447F-A869-0E00D159FECB}.Debug|Any CPU.ActiveCfg = Debug|Any CPU
		{01DFD321-4CE3-447F-A869-0E00D159FECB}.Debug|Any CPU.Build.0 = Debug|Any CPU
		{01DFD321-4CE3-447F-A869-0E00D159FECB}.Release|Any CPU.ActiveCfg = Release|Any CPU
		{01DFD321-4CE3-447F-A869-0E00D159FECB}.Release|Any CPU.Build.0 = Release|Any CPU
		{F36CBB6B-F112-4F04-B1CA-18471D59C7DE}.Debug|Any CPU.ActiveCfg = Debug|Any CPU
		{F36CBB6B-F112-4F04-B1CA-18471D59C7DE}.Debug|Any CPU.Build.0 = Debug|Any CPU
		{F36CBB6B-F112-4F04-B1CA-18471D59C7DE}.Release|Any CPU.ActiveCfg = Release|Any CPU
		{F36CBB6B-F112-4F04-B1CA-18471D59C7DE}.Release|Any CPU.Build.0 = Release|Any CPU
		{92B5C7EF-E06E-4E30-A814-862E0C27348F}.Debug|Any CPU.ActiveCfg = Debug|Any CPU
		{92B5C7EF-E06E-4E30-A814-862E0C27348F}.Debug|Any CPU.Build.0 = Debug|Any CPU
		{92B5C7EF-E06E-4E30-A814-862E0C27348F}.Release|Any CPU.ActiveCfg = Release|Any CPU
		{92B5C7EF-E06E-4E30-A814-862E0C27348F}.Release|Any CPU.Build.0 = Release|Any CPU
	EndGlobalSection
	GlobalSection(SolutionProperties) = preSolution
		HideSolutionNode = FALSE
	EndGlobalSection
	GlobalSection(ExtensibilityGlobals) = postSolution
		SolutionGuid = {CC12AAB8-3239-457C-B1B7-80D68E9DAE23}
	EndGlobalSection
EndGlobal
